
Microsoft Visual Studio Solution File, Format Version 12.00
# Visual Studio Version 17
VisualStudioVersion = 17.4.33213.308
MinimumVisualStudioVersion = 10.0.40219.1
Project("{FAE04EC0-301F-11D3-BF4B-00C04F79EFBC}") = "ConsoleApp1", "ConsoleApp1\ConsoleApp1.csproj", "{A95EB2C8-5C63-479F-B50E-E88292077660}"
EndProject
Global
	GlobalSection(SolutionConfigurationPlatforms) = preSolution
		Debug|Any CPU = Debug|Any CPU
		Release|Any CPU = Release|Any CPU
	EndGlobalSection
	GlobalSection(ProjectConfigurationPlatforms) = postSolution
		{A95EB2C8-5C63-479F-B50E-E88292077660}.Debug|Any CPU.ActiveCfg = Debug|Any CPU
		{A95EB2C8-5C63-479F-B50E-E88292077660}.Debug|Any CPU.Build.0 = Debug|Any CPU
		{A95EB2C8-5C63-479F-B50E-E88292077660}.Release|Any CPU.ActiveCfg = Release|Any CPU
		{A95EB2C8-5C63-479F-B50E-E88292077660}.Release|Any CPU.Build.0 = Release|Any CPU
	EndGlobalSection
	GlobalSection(SolutionProperties) = preSolution
		HideSolutionNode = FALSE
	EndGlobalSection
	GlobalSection(ExtensibilityGlobals) = postSolution
		SolutionGuid = {D11DFBDF-1804-4A2A-BE12-174C70123965}
	EndGlobalSection
EndGlobal
